
Microsoft Visual Studio Solution File, Format Version 12.00
# Visual Studio Version 17
VisualStudioVersion = 17.11.35303.130
MinimumVisualStudioVersion = 10.0.40219.1
Project("{FAE04EC0-301F-11D3-BF4B-00C04F79EFBC}") = "NextMeet", "NextMeet.csproj", "{B7D6BAF3-8226-4547-B3AA-3CFB499B2938}"
EndProject
Global
	GlobalSection(SolutionConfigurationPlatforms) = preSolution
		Debug|Any CPU = Debug|Any CPU
		Release|Any CPU = Release|Any CPU
	EndGlobalSection
	GlobalSection(ProjectConfigurationPlatforms) = postSolution
		{B7D6BAF3-8226-4547-B3AA-3CFB499B2938}.Debug|Any CPU.ActiveCfg = Debug|Any CPU
		{B7D6BAF3-8226-4547-B3AA-3CFB499B2938}.Debug|Any CPU.Build.0 = Debug|Any CPU
		{B7D6BAF3-8226-4547-B3AA-3CFB499B2938}.Release|Any CPU.ActiveCfg = Release|Any CPU
		{B7D6BAF3-8226-4547-B3AA-3CFB499B2938}.Release|Any CPU.Build.0 = Release|Any CPU
	EndGlobalSection
	GlobalSection(SolutionProperties) = preSolution
		HideSolutionNode = FALSE
	EndGlobalSection
	GlobalSection(ExtensibilityGlobals) = postSolution
		SolutionGuid = {EF688B0D-021F-46DC-AA53-4F66D980CAD6}
	EndGlobalSection
EndGlobal
